{
  "pins" : [
    {
      "identity" : "neon",
      "kind" : "remoteSourceControl",
      "location" : "https://github.com/ChimeHQ/Neon",
      "state" : {
        "branch" : "main",
        "revision" : "18ff5f50be6b5c81d8332d54f581bcde44ff5583"
      }
    },
    {
      "identity" : "rearrange",
      "kind" : "remoteSourceControl",
      "location" : "https://github.com/ChimeHQ/Rearrange",
      "state" : {
        "revision" : "8f97f721d8a08c6e01ab9f7460e53819bef72dfa",
        "version" : "1.5.3"
      }
    },
    {
      "identity" : "swifttreesitter",
      "kind" : "remoteSourceControl",
      "location" : "https://github.com/ChimeHQ/SwiftTreeSitter",
      "state" : {
        "revision" : "b4d3460e90c5b6d1a0f0be2a7715d4c5c63cf606",
        "version" : "0.6.3"
      }
    }
  ],
  "version" : 2
}
