{
  "object": {
    "pins": [
      {
        "package": "Rearrange",
        "repositoryURL": "https://github.com/ChimeHQ/Rearrange",
        "state": {
          "branch": null,
          "revision": "8f97f721d8a08c6e01ab9f7460e53819bef72dfa",
          "version": "1.5.3"
        }
      },
      {
        "package": "SwiftTreeSitter",
        "repositoryURL": "https://github.com/ChimeHQ/SwiftTreeSitter",
        "state": {
          "branch": null,
          "revision": "b4d3460e90c5b6d1a0f0be2a7715d4c5c63cf606",
          "version": "0.6.3"
        }
      }
    ]
  },
  "version": 1
}
